<?xml version="1.0" encoding="utf-8"?>
<Project ToolsVersion="4.0" xmlns="http://schemas.microsoft.com/developer/msbuild/2003">
  <ItemGroup>
    <Filter Include="Resource Files">
      <UniqueIdentifier>{67DA6AB6-F800-4c08-8B7A-83BB121AAD01}</UniqueIdentifier>
      <Extensions>rc;ico;cur;bmp;dlg;rc2;rct;bin;rgs;gif;jpg;jpeg;jpe;resx;tiff;tif;png;wav;mfcribbon-ms</Extensions>
    </Filter>
    <Filter Include="pch">
      <UniqueIdentifier>{330590ee-c498-4518-8934-b81d54766686}</UniqueIdentifier>
    </Filter>
    <Filter Include="Source">
      <UniqueIdentifier>{93995380-89BD-4b04-88EB-625FBE52EBFB}</UniqueIdentifier>
      <Extensions>h;hh;hpp;hxx;hm;inl;inc;ipp;xsd</Extensions>
    </Filter>
  </ItemGroup>
  <ItemGroup>
    <ClCompile Include="stdafx.cpp">
      <Filter>pch</Filter>
    </ClCompile>
    <ClCompile Include="AStarPathfinder.cpp">
      <Filter>Source</Filter>
    </ClCompile>
    <ClCompile Include="BestFirstSearchPathfinder.cpp">
      <Filter>Source</Filter>
    </ClCompile>
    <ClCompile Include="CommandLineParser.cpp">
      <Filter>Source</Filter>
    </ClCompile>
    <ClCompile Include="DijkstrasPathfinder.cpp">
      <Filter>Source</Filter>
    </ClCompile>
    <ClCompile Include="Map.cpp">
      <Filter>Source</Filter>
    </ClCompile>
    <ClCompile Include="MapLocation.cpp">
      <Filter>Source</Filter>
    </ClCompile>
    <ClCompile Include="Node.cpp">
      <Filter>Source</Filter>
    </ClCompile>
    <ClCompile Include="Pathfinding.cpp">
      <Filter>Source</Filter>
    </ClCompile>
  </ItemGroup>
  <ItemGroup>
    <ClInclude Include="Map.h">
      <Filter>Source</Filter>
    </ClInclude>
    <ClInclude Include="CommandLineParser.h">
      <Filter>Source</Filter>
    </ClInclude>
    <ClInclude Include="Path.h">
      <Filter>Source</Filter>
    </ClInclude>
    <ClInclude Include="AStarPathfinder.h">
      <Filter>Source</Filter>
    </ClInclude>
    <ClInclude Include="Pathfinder.h">
      <Filter>Source</Filter>
    </ClInclude>
    <ClInclude Include="MapLocation.h">
      <Filter>Source</Filter>
    </ClInclude>
    <ClInclude Include="Node.h">
      <Filter>Source</Filter>
    </ClInclude>
    <ClInclude Include="DijkstrasPathfinder.h">
      <Filter>Source</Filter>
    </ClInclude>
    <ClInclude Include="BestFirstSearchPathfinder.h">
      <Filter>Source</Filter>
    </ClInclude>
    <ClInclude Include="stdafx.h">
      <Filter>pch</Filter>
    </ClInclude>
  </ItemGroup>
</Project>